
Microsoft Visual Studio Solution File, Format Version 12.00
Project("{FAE04EC0-301F-11D3-BF4B-00C04F79EFBC}") = "D01", "D01\D01.csproj", "{24A6AC8E-FEAD-4EDE-AC33-79CBFD77E603}"
EndProject
Project("{FAE04EC0-301F-11D3-BF4B-00C04F79EFBC}") = "D02", "D02\D02.csproj", "{CA577E1E-768B-4240-A720-439B41CA9B16}"
EndProject
Project("{FAE04EC0-301F-11D3-BF4B-00C04F79EFBC}") = "D03", "D03\D03.csproj", "{2C8FC4EB-CF16-430B-8724-50B2FFE2829C}"
EndProject
Project("{FAE04EC0-301F-11D3-BF4B-00C04F79EFBC}") = "D04", "D04\D04.csproj", "{324EEA84-3D19-4036-A7A3-2BADCE22FC89}"
EndProject
Global
	GlobalSection(SolutionConfigurationPlatforms) = preSolution
		Debug|Any CPU = Debug|Any CPU
		Release|Any CPU = Release|Any CPU
	EndGlobalSection
	GlobalSection(ProjectConfigurationPlatforms) = postSolution
		{24A6AC8E-FEAD-4EDE-AC33-79CBFD77E603}.Debug|Any CPU.ActiveCfg = Debug|Any CPU
		{24A6AC8E-FEAD-4EDE-AC33-79CBFD77E603}.Debug|Any CPU.Build.0 = Debug|Any CPU
		{24A6AC8E-FEAD-4EDE-AC33-79CBFD77E603}.Release|Any CPU.ActiveCfg = Release|Any CPU
		{24A6AC8E-FEAD-4EDE-AC33-79CBFD77E603}.Release|Any CPU.Build.0 = Release|Any CPU
		{CA577E1E-768B-4240-A720-439B41CA9B16}.Debug|Any CPU.ActiveCfg = Debug|Any CPU
		{CA577E1E-768B-4240-A720-439B41CA9B16}.Debug|Any CPU.Build.0 = Debug|Any CPU
		{CA577E1E-768B-4240-A720-439B41CA9B16}.Release|Any CPU.ActiveCfg = Release|Any CPU
		{CA577E1E-768B-4240-A720-439B41CA9B16}.Release|Any CPU.Build.0 = Release|Any CPU
		{2C8FC4EB-CF16-430B-8724-50B2FFE2829C}.Debug|Any CPU.ActiveCfg = Debug|Any CPU
		{2C8FC4EB-CF16-430B-8724-50B2FFE2829C}.Debug|Any CPU.Build.0 = Debug|Any CPU
		{2C8FC4EB-CF16-430B-8724-50B2FFE2829C}.Release|Any CPU.ActiveCfg = Release|Any CPU
		{2C8FC4EB-CF16-430B-8724-50B2FFE2829C}.Release|Any CPU.Build.0 = Release|Any CPU
		{324EEA84-3D19-4036-A7A3-2BADCE22FC89}.Debug|Any CPU.ActiveCfg = Debug|Any CPU
		{324EEA84-3D19-4036-A7A3-2BADCE22FC89}.Debug|Any CPU.Build.0 = Debug|Any CPU
		{324EEA84-3D19-4036-A7A3-2BADCE22FC89}.Release|Any CPU.ActiveCfg = Release|Any CPU
		{324EEA84-3D19-4036-A7A3-2BADCE22FC89}.Release|Any CPU.Build.0 = Release|Any CPU
	EndGlobalSection
EndGlobal
